
Microsoft Visual Studio Solution File, Format Version 12.00
# Visual Studio Version 16
VisualStudioVersion = 16.0.29709.97
MinimumVisualStudioVersion = 10.0.40219.1
Project("{FAE04EC0-301F-11D3-BF4B-00C04F79EFBC}") = "Fgnbu", "Fgnbu.csproj", "{202842B5-E05E-4225-82D5-00A6A2C94F1E}"
EndProject
Global
	GlobalSection(SolutionConfigurationPlatforms) = preSolution
		Debug|Any CPU = Debug|Any CPU
		Release|Any CPU = Release|Any CPU
	EndGlobalSection
	GlobalSection(ProjectConfigurationPlatforms) = postSolution
		{202842B5-E05E-4225-82D5-00A6A2C94F1E}.Debug|Any CPU.ActiveCfg = Debug|Any CPU
		{202842B5-E05E-4225-82D5-00A6A2C94F1E}.Debug|Any CPU.Build.0 = Debug|Any CPU
		{202842B5-E05E-4225-82D5-00A6A2C94F1E}.Release|Any CPU.ActiveCfg = Release|Any CPU
		{202842B5-E05E-4225-82D5-00A6A2C94F1E}.Release|Any CPU.Build.0 = Release|Any CPU
	EndGlobalSection
	GlobalSection(SolutionProperties) = preSolution
		HideSolutionNode = FALSE
	EndGlobalSection
	GlobalSection(ExtensibilityGlobals) = postSolution
		SolutionGuid = {55F42725-E1E9-4C34-B826-96B92209C35D}
	EndGlobalSection
EndGlobal
